
Microsoft Visual Studio Solution File, Format Version 12.00
# Visual Studio Version 16
VisualStudioVersion = 16.0.31727.386
MinimumVisualStudioVersion = 10.0.40219.1
Project("{FAE04EC0-301F-11D3-BF4B-00C04F79EFBC}") = "PrzykladowyProjektWebApi2", "PrzykladowyProjektWebApi2\PrzykladowyProjektWebApi2.csproj", "{9BC29C8D-F6CB-48FA-B31F-66CC5710CFEF}"
EndProject
Global
	GlobalSection(SolutionConfigurationPlatforms) = preSolution
		Debug|Any CPU = Debug|Any CPU
		Release|Any CPU = Release|Any CPU
	EndGlobalSection
	GlobalSection(ProjectConfigurationPlatforms) = postSolution
		{9BC29C8D-F6CB-48FA-B31F-66CC5710CFEF}.Debug|Any CPU.ActiveCfg = Debug|Any CPU
		{9BC29C8D-F6CB-48FA-B31F-66CC5710CFEF}.Debug|Any CPU.Build.0 = Debug|Any CPU
		{9BC29C8D-F6CB-48FA-B31F-66CC5710CFEF}.Release|Any CPU.ActiveCfg = Release|Any CPU
		{9BC29C8D-F6CB-48FA-B31F-66CC5710CFEF}.Release|Any CPU.Build.0 = Release|Any CPU
	EndGlobalSection
	GlobalSection(SolutionProperties) = preSolution
		HideSolutionNode = FALSE
	EndGlobalSection
	GlobalSection(ExtensibilityGlobals) = postSolution
		SolutionGuid = {EF7231B0-0B80-4466-BEA7-EF4A004B1B8D}
	EndGlobalSection
EndGlobal
